
Microsoft Visual Studio Solution File, Format Version 12.00
# Visual Studio Version 17
VisualStudioVersion = 17.7.34009.444
MinimumVisualStudioVersion = 10.0.40219.1
Project("{FAE04EC0-301F-11D3-BF4B-00C04F79EFBC}") = "Split Testing Lab Software", "Chiller Testing Lab Software\Split Testing Lab Software.csproj", "{E8622926-5C2F-4DAF-84E4-FD848AD477F2}"
EndProject
Global
	GlobalSection(SolutionConfigurationPlatforms) = preSolution
		Debug|Any CPU = Debug|Any CPU
		Release|Any CPU = Release|Any CPU
	EndGlobalSection
	GlobalSection(ProjectConfigurationPlatforms) = postSolution
		{E8622926-5C2F-4DAF-84E4-FD848AD477F2}.Debug|Any CPU.ActiveCfg = Debug|Any CPU
		{E8622926-5C2F-4DAF-84E4-FD848AD477F2}.Debug|Any CPU.Build.0 = Debug|Any CPU
		{E8622926-5C2F-4DAF-84E4-FD848AD477F2}.Release|Any CPU.ActiveCfg = Release|Any CPU
		{E8622926-5C2F-4DAF-84E4-FD848AD477F2}.Release|Any CPU.Build.0 = Release|Any CPU
	EndGlobalSection
	GlobalSection(SolutionProperties) = preSolution
		HideSolutionNode = FALSE
	EndGlobalSection
	GlobalSection(ExtensibilityGlobals) = postSolution
		SolutionGuid = {409F2466-F8B5-411B-A862-A2DED701EA2E}
	EndGlobalSection
EndGlobal
